
Microsoft Visual Studio Solution File, Format Version 12.00
# Visual Studio Version 16
VisualStudioVersion = 25.0.1705.4
MinimumVisualStudioVersion = 10.0.40219.1
Project("{FAE04EC0-301F-11D3-BF4B-00C04F79EFBC}") = "DataStructures", "DataStructures\DataStructures.csproj", "{F92CA471-7012-497B-8CC1-38673716E43C}"
EndProject
Global
	GlobalSection(SolutionConfigurationPlatforms) = preSolution
		Debug|Any CPU = Debug|Any CPU
		Release|Any CPU = Release|Any CPU
	EndGlobalSection
	GlobalSection(ProjectConfigurationPlatforms) = postSolution
		{F92CA471-7012-497B-8CC1-38673716E43C}.Debug|Any CPU.ActiveCfg = Debug|Any CPU
		{F92CA471-7012-497B-8CC1-38673716E43C}.Debug|Any CPU.Build.0 = Debug|Any CPU
		{F92CA471-7012-497B-8CC1-38673716E43C}.Release|Any CPU.ActiveCfg = Release|Any CPU
		{F92CA471-7012-497B-8CC1-38673716E43C}.Release|Any CPU.Build.0 = Release|Any CPU
	EndGlobalSection
	GlobalSection(SolutionProperties) = preSolution
		HideSolutionNode = FALSE
	EndGlobalSection
	GlobalSection(ExtensibilityGlobals) = postSolution
		SolutionGuid = {99D90412-CB8E-4298-8D67-FF9F5A4D71D9}
	EndGlobalSection
EndGlobal
